
Microsoft Visual Studio Solution File, Format Version 12.00
# Visual Studio 15
VisualStudioVersion = 15.0.28010.2048
MinimumVisualStudioVersion = 10.0.40219.1
Project("{FAE04EC0-301F-11D3-BF4B-00C04F79EFBC}") = "DecReprSenior", "DecReprSenior\DecReprSenior.csproj", "{43C6DF2D-AC05-4D08-853A-8745BA42A723}"
EndProject
Project("{FAE04EC0-301F-11D3-BF4B-00C04F79EFBC}") = "DecReprSenior.Test", "DecReprSenior.Test\DecReprSenior.Test.csproj", "{F2197621-9D92-4921-8DF1-802F77C68D6A}"
EndProject
Global
	GlobalSection(SolutionConfigurationPlatforms) = preSolution
		Debug|Any CPU = Debug|Any CPU
		Release|Any CPU = Release|Any CPU
	EndGlobalSection
	GlobalSection(ProjectConfigurationPlatforms) = postSolution
		{43C6DF2D-AC05-4D08-853A-8745BA42A723}.Debug|Any CPU.ActiveCfg = Debug|Any CPU
		{43C6DF2D-AC05-4D08-853A-8745BA42A723}.Debug|Any CPU.Build.0 = Debug|Any CPU
		{43C6DF2D-AC05-4D08-853A-8745BA42A723}.Release|Any CPU.ActiveCfg = Release|Any CPU
		{43C6DF2D-AC05-4D08-853A-8745BA42A723}.Release|Any CPU.Build.0 = Release|Any CPU
		{F2197621-9D92-4921-8DF1-802F77C68D6A}.Debug|Any CPU.ActiveCfg = Debug|Any CPU
		{F2197621-9D92-4921-8DF1-802F77C68D6A}.Debug|Any CPU.Build.0 = Debug|Any CPU
		{F2197621-9D92-4921-8DF1-802F77C68D6A}.Release|Any CPU.ActiveCfg = Release|Any CPU
		{F2197621-9D92-4921-8DF1-802F77C68D6A}.Release|Any CPU.Build.0 = Release|Any CPU
	EndGlobalSection
	GlobalSection(SolutionProperties) = preSolution
		HideSolutionNode = FALSE
	EndGlobalSection
	GlobalSection(ExtensibilityGlobals) = postSolution
		SolutionGuid = {4FBA0540-545A-4091-8A5E-39665C0FF34B}
	EndGlobalSection
EndGlobal
